
Microsoft Visual Studio Solution File, Format Version 12.00
# Visual Studio Version 16
VisualStudioVersion = 16.0.31624.102
MinimumVisualStudioVersion = 10.0.40219.1
Project("{FAE04EC0-301F-11D3-BF4B-00C04F79EFBC}") = "LearningLambda", "LearningLambda.csproj", "{412E312A-94FB-44A2-8229-2E127165BBCB}"
EndProject
Global
	GlobalSection(SolutionConfigurationPlatforms) = preSolution
		Debug|Any CPU = Debug|Any CPU
		Release|Any CPU = Release|Any CPU
	EndGlobalSection
	GlobalSection(ProjectConfigurationPlatforms) = postSolution
		{412E312A-94FB-44A2-8229-2E127165BBCB}.Debug|Any CPU.ActiveCfg = Debug|Any CPU
		{412E312A-94FB-44A2-8229-2E127165BBCB}.Debug|Any CPU.Build.0 = Debug|Any CPU
		{412E312A-94FB-44A2-8229-2E127165BBCB}.Release|Any CPU.ActiveCfg = Release|Any CPU
		{412E312A-94FB-44A2-8229-2E127165BBCB}.Release|Any CPU.Build.0 = Release|Any CPU
	EndGlobalSection
	GlobalSection(SolutionProperties) = preSolution
		HideSolutionNode = FALSE
	EndGlobalSection
	GlobalSection(ExtensibilityGlobals) = postSolution
		SolutionGuid = {5A0F1B21-066C-4669-977B-98F3B658F8A6}
	EndGlobalSection
EndGlobal
